
Microsoft Visual Studio Solution File, Format Version 12.00
# Visual Studio Version 17
VisualStudioVersion = 17.3.32929.385
MinimumVisualStudioVersion = 10.0.40219.1
Project("{8BC9CEB8-8B4A-11D0-8D11-00A0C91BC942}") = "TEP Projekt", "TEP Projekt\TEP Projekt.vcxproj", "{2CBFDD63-025A-40C6-ADE4-9E2B1E6FEC0B}"
EndProject
Global
	GlobalSection(SolutionConfigurationPlatforms) = preSolution
		Debug|x64 = Debug|x64
		Debug|x86 = Debug|x86
		Release|x64 = Release|x64
		Release|x86 = Release|x86
	EndGlobalSection
	GlobalSection(ProjectConfigurationPlatforms) = postSolution
		{2CBFDD63-025A-40C6-ADE4-9E2B1E6FEC0B}.Debug|x64.ActiveCfg = Debug|x64
		{2CBFDD63-025A-40C6-ADE4-9E2B1E6FEC0B}.Debug|x64.Build.0 = Debug|x64
		{2CBFDD63-025A-40C6-ADE4-9E2B1E6FEC0B}.Debug|x86.ActiveCfg = Debug|Win32
		{2CBFDD63-025A-40C6-ADE4-9E2B1E6FEC0B}.Debug|x86.Build.0 = Debug|Win32
		{2CBFDD63-025A-40C6-ADE4-9E2B1E6FEC0B}.Release|x64.ActiveCfg = Release|x64
		{2CBFDD63-025A-40C6-ADE4-9E2B1E6FEC0B}.Release|x64.Build.0 = Release|x64
		{2CBFDD63-025A-40C6-ADE4-9E2B1E6FEC0B}.Release|x86.ActiveCfg = Release|Win32
		{2CBFDD63-025A-40C6-ADE4-9E2B1E6FEC0B}.Release|x86.Build.0 = Release|Win32
	EndGlobalSection
	GlobalSection(SolutionProperties) = preSolution
		HideSolutionNode = FALSE
	EndGlobalSection
	GlobalSection(ExtensibilityGlobals) = postSolution
		SolutionGuid = {BC808E08-2813-4016-BF89-53F0C00898E3}
	EndGlobalSection
EndGlobal
